// !$*UTF8*$!
{
	archiveVersion = 1;
	classes = {
	};
	objectVersion = 46;
	objects = {

/* Begin PBXBuildFile section */
		7A1D84FD144C12FF00A2079D /* NSArray+CollectionQuery.h in Headers */ = {isa = PBXBuildFile; fileRef = 7A1D84FB144C12FF00A2079D /* NSArray+CollectionQuery.h */; settings = {ATTRIBUTES = (); }; };
		7A1D84FE144C12FF00A2079D /* NSArray+CollectionQuery.h in Headers */ = {isa = PBXBuildFile; fileRef = 7A1D84FB144C12FF00A2079D /* NSArray+CollectionQuery.h */; };
		7A1D8516144CCB6500A2079D /* SenTestCase+CollectionAssert.h in Headers */ = {isa = PBXBuildFile; fileRef = 7A1D8514144CCB6500A2079D /* SenTestCase+CollectionAssert.h */; };
		7A1D8517144CCB6500A2079D /* SenTestCase+CollectionAssert.h in Headers */ = {isa = PBXBuildFile; fileRef = 7A1D8514144CCB6500A2079D /* SenTestCase+CollectionAssert.h */; };
		7A1D851F144CCC9100A2079D /* SenTestCase+CollectionAssert.m in Sources */ = {isa = PBXBuildFile; fileRef = 7A1D8515144CCB6500A2079D /* SenTestCase+CollectionAssert.m */; };
		7A1D853F144F789800A2079D /* InstanceVariableDescriptorTests.m in Sources */ = {isa = PBXBuildFile; fileRef = 7A1D853E144F789800A2079D /* InstanceVariableDescriptorTests.m */; };
		7A1D8540144F789800A2079D /* InstanceVariableDescriptorTests.m in Sources */ = {isa = PBXBuildFile; fileRef = 7A1D853E144F789800A2079D /* InstanceVariableDescriptorTests.m */; };
		7A1D8547145201A200A2079D /* PropertyDescriptorTests.m in Sources */ = {isa = PBXBuildFile; fileRef = 7A1D8546145201A200A2079D /* PropertyDescriptorTests.m */; };
		7A1D8548145201A200A2079D /* PropertyDescriptorTests.m in Sources */ = {isa = PBXBuildFile; fileRef = 7A1D8546145201A200A2079D /* PropertyDescriptorTests.m */; };
		7A1D854B1454278F00A2079D /* PropertyImplementation.m in Sources */ = {isa = PBXBuildFile; fileRef = 7A1D854A1454278F00A2079D /* PropertyImplementation.m */; };
		7A1D854C1454278F00A2079D /* PropertyImplementation.m in Sources */ = {isa = PBXBuildFile; fileRef = 7A1D854A1454278F00A2079D /* PropertyImplementation.m */; };
		7A1D85501454635200A2079D /* NSString+Extensions.h in Headers */ = {isa = PBXBuildFile; fileRef = 7A1D854E1454635200A2079D /* NSString+Extensions.h */; settings = {ATTRIBUTES = (); }; };
		7A1D85511454635200A2079D /* NSString+Extensions.h in Headers */ = {isa = PBXBuildFile; fileRef = 7A1D854E1454635200A2079D /* NSString+Extensions.h */; settings = {ATTRIBUTES = (); }; };
		7A1D85521454635200A2079D /* NSString+Extensions.m in Sources */ = {isa = PBXBuildFile; fileRef = 7A1D854F1454635200A2079D /* NSString+Extensions.m */; };
		7A1D85531454635200A2079D /* NSString+Extensions.m in Sources */ = {isa = PBXBuildFile; fileRef = 7A1D854F1454635200A2079D /* NSString+Extensions.m */; };
		7A1D85541454638B00A2079D /* SenTestCase+CollectionAssert.m in Sources */ = {isa = PBXBuildFile; fileRef = 7A1D8515144CCB6500A2079D /* SenTestCase+CollectionAssert.m */; };
		7A1D85551454639800A2079D /* NSArray+CollectionQuery.m in Sources */ = {isa = PBXBuildFile; fileRef = 7A1D84FC144C12FF00A2079D /* NSArray+CollectionQuery.m */; };
		7A1D85561454639E00A2079D /* NSArray+CollectionQuery.m in Sources */ = {isa = PBXBuildFile; fileRef = 7A1D84FC144C12FF00A2079D /* NSArray+CollectionQuery.m */; };
		7A1D855A1454749200A2079D /* ISInvalidStateException.h in Headers */ = {isa = PBXBuildFile; fileRef = 7A1D85581454749200A2079D /* ISInvalidStateException.h */; settings = {ATTRIBUTES = (Public, ); }; };
		7A1D855B1454749200A2079D /* ISInvalidStateException.h in Headers */ = {isa = PBXBuildFile; fileRef = 7A1D85581454749200A2079D /* ISInvalidStateException.h */; settings = {ATTRIBUTES = (Public, ); }; };
		7A1D855C1454749200A2079D /* ISInvalidStateException.m in Sources */ = {isa = PBXBuildFile; fileRef = 7A1D85591454749200A2079D /* ISInvalidStateException.m */; };
		7A1D855D1454749200A2079D /* ISInvalidStateException.m in Sources */ = {isa = PBXBuildFile; fileRef = 7A1D85591454749200A2079D /* ISInvalidStateException.m */; };
		7A1D855E14547DB300A2079D /* NSArray+CollectionQuery.m in Sources */ = {isa = PBXBuildFile; fileRef = 7A1D84FC144C12FF00A2079D /* NSArray+CollectionQuery.m */; };
		7A1D856114547F1400A2079D /* NSString+Extensions.m in Sources */ = {isa = PBXBuildFile; fileRef = 7A1D854F1454635200A2079D /* NSString+Extensions.m */; };
		7A1D856414547F7100A2079D /* MethodDescriptorTests.m in Sources */ = {isa = PBXBuildFile; fileRef = 7A1D856314547F7000A2079D /* MethodDescriptorTests.m */; };
		7A1D856514547F7100A2079D /* MethodDescriptorTests.m in Sources */ = {isa = PBXBuildFile; fileRef = 7A1D856314547F7000A2079D /* MethodDescriptorTests.m */; };
		7AD59E5B14554BED00917711 /* ClassWithProperties.m in Sources */ = {isa = PBXBuildFile; fileRef = 7AD59E5A14554BED00917711 /* ClassWithProperties.m */; };
		7AD59E5C14554BED00917711 /* ClassWithProperties.m in Sources */ = {isa = PBXBuildFile; fileRef = 7AD59E5A14554BED00917711 /* ClassWithProperties.m */; };
		7AD59E6014554C2400917711 /* ClassWithInstanceVariables.m in Sources */ = {isa = PBXBuildFile; fileRef = 7AD59E5F14554C2400917711 /* ClassWithInstanceVariables.m */; };
		7AD59E6114554C2400917711 /* ClassWithInstanceVariables.m in Sources */ = {isa = PBXBuildFile; fileRef = 7AD59E5F14554C2400917711 /* ClassWithInstanceVariables.m */; };
		7AD8052D1442323B00BF6EE6 /* Cocoa.framework in Frameworks */ = {isa = PBXBuildFile; fileRef = 7AD8052C1442323B00BF6EE6 /* Cocoa.framework */; };
		7AD805371442323B00BF6EE6 /* InfoPlist.strings in Resources */ = {isa = PBXBuildFile; fileRef = 7AD805351442323B00BF6EE6 /* InfoPlist.strings */; };
		7AD805441442323B00BF6EE6 /* Cocoa.framework in Frameworks */ = {isa = PBXBuildFile; fileRef = 7AD8052C1442323B00BF6EE6 /* Cocoa.framework */; };
		7AD805471442323B00BF6EE6 /* Introspection.framework in Frameworks */ = {isa = PBXBuildFile; fileRef = 7AD805291442323B00BF6EE6 /* Introspection.framework */; };
		7AD8054D1442323B00BF6EE6 /* InfoPlist.strings in Resources */ = {isa = PBXBuildFile; fileRef = 7AD8054B1442323B00BF6EE6 /* InfoPlist.strings */; };
		7AD80572144232F600BF6EE6 /* ISInstanceVariableDescriptor.h in Headers */ = {isa = PBXBuildFile; fileRef = 7AD80560144232F600BF6EE6 /* ISInstanceVariableDescriptor.h */; settings = {ATTRIBUTES = (Public, ); }; };
		7AD80573144232F600BF6EE6 /* ISInstanceVariableDescriptor.m in Sources */ = {isa = PBXBuildFile; fileRef = 7AD80561144232F600BF6EE6 /* ISInstanceVariableDescriptor.m */; };
		7AD80576144232F600BF6EE6 /* ISMethodDescriptor.h in Headers */ = {isa = PBXBuildFile; fileRef = 7AD80564144232F600BF6EE6 /* ISMethodDescriptor.h */; settings = {ATTRIBUTES = (Public, ); }; };
		7AD80577144232F600BF6EE6 /* ISMethodDescriptor.m in Sources */ = {isa = PBXBuildFile; fileRef = 7AD80565144232F600BF6EE6 /* ISMethodDescriptor.m */; };
		7AD80578144232F600BF6EE6 /* ISPropertyDescriptor.h in Headers */ = {isa = PBXBuildFile; fileRef = 7AD80566144232F600BF6EE6 /* ISPropertyDescriptor.h */; settings = {ATTRIBUTES = (Public, ); }; };
		7AD80579144232F600BF6EE6 /* ISPropertyDescriptor.m in Sources */ = {isa = PBXBuildFile; fileRef = 7AD80567144232F600BF6EE6 /* ISPropertyDescriptor.m */; };
		7AD8057C144232F600BF6EE6 /* ISProtocolDescriptor.h in Headers */ = {isa = PBXBuildFile; fileRef = 7AD8056A144232F600BF6EE6 /* ISProtocolDescriptor.h */; settings = {ATTRIBUTES = (Public, ); }; };
		7AD8057D144232F600BF6EE6 /* ISProtocolDescriptor.m in Sources */ = {isa = PBXBuildFile; fileRef = 7AD8056B144232F600BF6EE6 /* ISProtocolDescriptor.m */; };
		7AD80580144232F600BF6EE6 /* ISClassDescriptor.h in Headers */ = {isa = PBXBuildFile; fileRef = 7AD8056E144232F600BF6EE6 /* ISClassDescriptor.h */; settings = {ATTRIBUTES = (Public, ); }; };
		7AD80581144232F600BF6EE6 /* ISClassDescriptor.m in Sources */ = {isa = PBXBuildFile; fileRef = 7AD8056F144232F600BF6EE6 /* ISClassDescriptor.m */; };
		7AD805951442346100BF6EE6 /* ClassDescriptorTests.m in Sources */ = {isa = PBXBuildFile; fileRef = 7AD805941442346100BF6EE6 /* ClassDescriptorTests.m */; };
		7AD8059D1442356000BF6EE6 /* Foundation.framework in Frameworks */ = {isa = PBXBuildFile; fileRef = 7AD8059C1442356000BF6EE6 /* Foundation.framework */; };
		7AD805AE1442356000BF6EE6 /* Foundation.framework in Frameworks */ = {isa = PBXBuildFile; fileRef = 7AD8059C1442356000BF6EE6 /* Foundation.framework */; };
		7AD805B31442356000BF6EE6 /* libIntrospection.a in Frameworks */ = {isa = PBXBuildFile; fileRef = 7AD8059B1442356000BF6EE6 /* libIntrospection.a */; };
		7AD805B91442356000BF6EE6 /* InfoPlist.strings in Resources */ = {isa = PBXBuildFile; fileRef = 7AD805B71442356000BF6EE6 /* InfoPlist.strings */; };
		7AD805E71442360100BF6EE6 /* ClassDescriptorTests.m in Sources */ = {isa = PBXBuildFile; fileRef = 7AD805941442346100BF6EE6 /* ClassDescriptorTests.m */; };
		7AD805F31442362C00BF6EE6 /* ISInstanceVariableDescriptor.m in Sources */ = {isa = PBXBuildFile; fileRef = 7AD80561144232F600BF6EE6 /* ISInstanceVariableDescriptor.m */; };
		7AD805F51442362C00BF6EE6 /* ISMethodDescriptor.m in Sources */ = {isa = PBXBuildFile; fileRef = 7AD80565144232F600BF6EE6 /* ISMethodDescriptor.m */; };
		7AD805F71442362C00BF6EE6 /* ISPropertyDescriptor.m in Sources */ = {isa = PBXBuildFile; fileRef = 7AD80567144232F600BF6EE6 /* ISPropertyDescriptor.m */; };
		7AD805F91442362C00BF6EE6 /* ISProtocolDescriptor.m in Sources */ = {isa = PBXBuildFile; fileRef = 7AD8056B144232F600BF6EE6 /* ISProtocolDescriptor.m */; };
		7AD805FB1442362C00BF6EE6 /* ISClassDescriptor.m in Sources */ = {isa = PBXBuildFile; fileRef = 7AD8056F144232F600BF6EE6 /* ISClassDescriptor.m */; };
		7AD806481442398500BF6EE6 /* SenTestingKit.framework in Frameworks */ = {isa = PBXBuildFile; fileRef = 7AD806471442398500BF6EE6 /* SenTestingKit.framework */; };
		7AD8064B14423A3C00BF6EE6 /* SenTestingKit.framework in Frameworks */ = {isa = PBXBuildFile; fileRef = 7AD806471442398500BF6EE6 /* SenTestingKit.framework */; };
		7AD8064D14423B8500BF6EE6 /* Introspection.h in Headers */ = {isa = PBXBuildFile; fileRef = 7AD8064C14423B8500BF6EE6 /* Introspection.h */; settings = {ATTRIBUTES = (Public, ); }; };
		7AD8064E14423B8500BF6EE6 /* Introspection.h in Headers */ = {isa = PBXBuildFile; fileRef = 7AD8064C14423B8500BF6EE6 /* Introspection.h */; settings = {ATTRIBUTES = (Public, ); }; };
		7AD8065714423E4F00BF6EE6 /* ISInstanceVariableDescriptor.h in Headers */ = {isa = PBXBuildFile; fileRef = 7AD80560144232F600BF6EE6 /* ISInstanceVariableDescriptor.h */; settings = {ATTRIBUTES = (Public, ); }; };
		7AD8065814423E4F00BF6EE6 /* ISMethodDescriptor.h in Headers */ = {isa = PBXBuildFile; fileRef = 7AD80564144232F600BF6EE6 /* ISMethodDescriptor.h */; settings = {ATTRIBUTES = (Public, ); }; };
		7AD8065914423E4F00BF6EE6 /* ISPropertyDescriptor.h in Headers */ = {isa = PBXBuildFile; fileRef = 7AD80566144232F600BF6EE6 /* ISPropertyDescriptor.h */; settings = {ATTRIBUTES = (Public, ); }; };
		7AD8065A14423E4F00BF6EE6 /* ISProtocolDescriptor.h in Headers */ = {isa = PBXBuildFile; fileRef = 7AD8056A144232F600BF6EE6 /* ISProtocolDescriptor.h */; settings = {ATTRIBUTES = (Public, ); }; };
		7AD8065B14423E4F00BF6EE6 /* ISClassDescriptor.h in Headers */ = {isa = PBXBuildFile; fileRef = 7AD8056E144232F600BF6EE6 /* ISClassDescriptor.h */; settings = {ATTRIBUTES = (Public, ); }; };
		7AD8065D144426A100BF6EE6 /* ISDescriptor.h in Headers */ = {isa = PBXBuildFile; fileRef = 7AD8065C144426A100BF6EE6 /* ISDescriptor.h */; settings = {ATTRIBUTES = (Public, ); }; };
		7AD8065E144426A100BF6EE6 /* ISDescriptor.h in Headers */ = {isa = PBXBuildFile; fileRef = 7AD8065C144426A100BF6EE6 /* ISDescriptor.h */; settings = {ATTRIBUTES = (Public, ); }; };
		7ADFEDE9144776BB009EE7CF /* ISBindingFlags.h in Headers */ = {isa = PBXBuildFile; fileRef = 7ADFEDE8144776BB009EE7CF /* ISBindingFlags.h */; settings = {ATTRIBUTES = (Public, ); }; };
		7ADFEDEA144776BB009EE7CF /* ISBindingFlags.h in Headers */ = {isa = PBXBuildFile; fileRef = 7ADFEDE8144776BB009EE7CF /* ISBindingFlags.h */; settings = {ATTRIBUTES = (Public, ); }; };
		7ADFEDED14477AC9009EE7CF /* ISSetterSemanticsType.h in Headers */ = {isa = PBXBuildFile; fileRef = 7ADFEDEC14477AC9009EE7CF /* ISSetterSemanticsType.h */; settings = {ATTRIBUTES = (Public, ); }; };
		7ADFEDEE14477AC9009EE7CF /* ISSetterSemanticsType.h in Headers */ = {isa = PBXBuildFile; fileRef = 7ADFEDEC14477AC9009EE7CF /* ISSetterSemanticsType.h */; settings = {ATTRIBUTES = (Public, ); }; };
/* End PBXBuildFile section */

/* Begin PBXContainerItemProxy section */
		7AD805451442323B00BF6EE6 /* PBXContainerItemProxy */ = {
			isa = PBXContainerItemProxy;
			containerPortal = 7AD8051A1442319300BF6EE6 /* Project object */;
			proxyType = 1;
			remoteGlobalIDString = 7AD805281442323B00BF6EE6;
			remoteInfo = Introspection;
		};
		7AD805B11442356000BF6EE6 /* PBXContainerItemProxy */ = {
			isa = PBXContainerItemProxy;
			containerPortal = 7AD8051A1442319300BF6EE6 /* Project object */;
			proxyType = 1;
			remoteGlobalIDString = 7AD8059A1442356000BF6EE6;
			remoteInfo = "Introspection-ios";
		};
/* End PBXContainerItemProxy section */

/* Begin PBXFileReference section */
		7A1D84FB144C12FF00A2079D /* NSArray+CollectionQuery.h */ = {isa = PBXFileReference; fileEncoding = 4; lastKnownFileType = sourcecode.c.h; name = "NSArray+CollectionQuery.h"; path = "../Tests/NSArray+CollectionQuery.h"; sourceTree = "<group>"; };
		7A1D84FC144C12FF00A2079D /* NSArray+CollectionQuery.m */ = {isa = PBXFileReference; fileEncoding = 4; lastKnownFileType = sourcecode.c.objc; name = "NSArray+CollectionQuery.m"; path = "../Tests/NSArray+CollectionQuery.m"; sourceTree = "<group>"; };
		7A1D8514144CCB6500A2079D /* SenTestCase+CollectionAssert.h */ = {isa = PBXFileReference; fileEncoding = 4; lastKnownFileType = sourcecode.c.h; path = "SenTestCase+CollectionAssert.h"; sourceTree = "<group>"; };
		7A1D8515144CCB6500A2079D /* SenTestCase+CollectionAssert.m */ = {isa = PBXFileReference; fileEncoding = 4; lastKnownFileType = sourcecode.c.objc; path = "SenTestCase+CollectionAssert.m"; sourceTree = "<group>"; };
		7A1D853D144F789800A2079D /* InstanceVariableDescriptorTests.h */ = {isa = PBXFileReference; fileEncoding = 4; lastKnownFileType = sourcecode.c.h; path = InstanceVariableDescriptorTests.h; sourceTree = "<group>"; };
		7A1D853E144F789800A2079D /* InstanceVariableDescriptorTests.m */ = {isa = PBXFileReference; fileEncoding = 4; lastKnownFileType = sourcecode.c.objc; lineEnding = 0; path = InstanceVariableDescriptorTests.m; sourceTree = "<group>"; xcLanguageSpecificationIdentifier = xcode.lang.objc; };
		7A1D8545145201A200A2079D /* PropertyDescriptorTests.h */ = {isa = PBXFileReference; fileEncoding = 4; lastKnownFileType = sourcecode.c.h; path = PropertyDescriptorTests.h; sourceTree = "<group>"; };
		7A1D8546145201A200A2079D /* PropertyDescriptorTests.m */ = {isa = PBXFileReference; fileEncoding = 4; lastKnownFileType = sourcecode.c.objc; lineEnding = 0; path = PropertyDescriptorTests.m; sourceTree = "<group>"; xcLanguageSpecificationIdentifier = xcode.lang.objc; };
		7A1D85491454278F00A2079D /* PropertyImplementation.h */ = {isa = PBXFileReference; fileEncoding = 4; lastKnownFileType = sourcecode.c.h; path = PropertyImplementation.h; sourceTree = "<group>"; };
		7A1D854A1454278F00A2079D /* PropertyImplementation.m */ = {isa = PBXFileReference; fileEncoding = 4; lastKnownFileType = sourcecode.c.objc; path = PropertyImplementation.m; sourceTree = "<group>"; };
		7A1D854E1454635200A2079D /* NSString+Extensions.h */ = {isa = PBXFileReference; fileEncoding = 4; lastKnownFileType = sourcecode.c.h; lineEnding = 0; path = "NSString+Extensions.h"; sourceTree = "<group>"; xcLanguageSpecificationIdentifier = xcode.lang.objcpp; };
		7A1D854F1454635200A2079D /* NSString+Extensions.m */ = {isa = PBXFileReference; fileEncoding = 4; lastKnownFileType = sourcecode.c.objc; lineEnding = 0; path = "NSString+Extensions.m"; sourceTree = "<group>"; xcLanguageSpecificationIdentifier = xcode.lang.objc; };
		7A1D85581454749200A2079D /* ISInvalidStateException.h */ = {isa = PBXFileReference; fileEncoding = 4; lastKnownFileType = sourcecode.c.h; path = ISInvalidStateException.h; sourceTree = "<group>"; };
		7A1D85591454749200A2079D /* ISInvalidStateException.m */ = {isa = PBXFileReference; fileEncoding = 4; lastKnownFileType = sourcecode.c.objc; path = ISInvalidStateException.m; sourceTree = "<group>"; };
		7A1D856214547F7000A2079D /* MethodDescriptorTests.h */ = {isa = PBXFileReference; fileEncoding = 4; lastKnownFileType = sourcecode.c.h; path = MethodDescriptorTests.h; sourceTree = "<group>"; };
		7A1D856314547F7000A2079D /* MethodDescriptorTests.m */ = {isa = PBXFileReference; fileEncoding = 4; lastKnownFileType = sourcecode.c.objc; path = MethodDescriptorTests.m; sourceTree = "<group>"; };
		7AD59E5914554BED00917711 /* ClassWithProperties.h */ = {isa = PBXFileReference; fileEncoding = 4; lastKnownFileType = sourcecode.c.h; path = ClassWithProperties.h; sourceTree = "<group>"; };
		7AD59E5A14554BED00917711 /* ClassWithProperties.m */ = {isa = PBXFileReference; fileEncoding = 4; lastKnownFileType = sourcecode.c.objc; path = ClassWithProperties.m; sourceTree = "<group>"; };
		7AD59E5E14554C2400917711 /* ClassWithInstanceVariables.h */ = {isa = PBXFileReference; fileEncoding = 4; lastKnownFileType = sourcecode.c.h; path = ClassWithInstanceVariables.h; sourceTree = "<group>"; };
		7AD59E5F14554C2400917711 /* ClassWithInstanceVariables.m */ = {isa = PBXFileReference; fileEncoding = 4; lastKnownFileType = sourcecode.c.objc; path = ClassWithInstanceVariables.m; sourceTree = "<group>"; };
		7AD805291442323B00BF6EE6 /* Introspection.framework */ = {isa = PBXFileReference; explicitFileType = wrapper.framework; includeInIndex = 0; path = Introspection.framework; sourceTree = BUILT_PRODUCTS_DIR; };
		7AD8052C1442323B00BF6EE6 /* Cocoa.framework */ = {isa = PBXFileReference; lastKnownFileType = wrapper.framework; name = Cocoa.framework; path = System/Library/Frameworks/Cocoa.framework; sourceTree = SDKROOT; };
		7AD805341442323B00BF6EE6 /* Introspection-Info.plist */ = {isa = PBXFileReference; lastKnownFileType = text.plist.xml; path = "Introspection-Info.plist"; sourceTree = "<group>"; };
		7AD805361442323B00BF6EE6 /* en */ = {isa = PBXFileReference; lastKnownFileType = text.plist.strings; name = en; path = en.lproj/InfoPlist.strings; sourceTree = "<group>"; };
		7AD805381442323B00BF6EE6 /* Introspection-Prefix.pch */ = {isa = PBXFileReference; lastKnownFileType = sourcecode.c.h; path = "Introspection-Prefix.pch"; sourceTree = "<group>"; };
		7AD805411442323B00BF6EE6 /* IntrospectionTests.octest */ = {isa = PBXFileReference; explicitFileType = wrapper.cfbundle; includeInIndex = 0; path = IntrospectionTests.octest; sourceTree = BUILT_PRODUCTS_DIR; };
		7AD8054A1442323B00BF6EE6 /* IntrospectionTests-Info.plist */ = {isa = PBXFileReference; lastKnownFileType = text.plist.xml; path = "IntrospectionTests-Info.plist"; sourceTree = "<group>"; };
		7AD8054C1442323B00BF6EE6 /* en */ = {isa = PBXFileReference; lastKnownFileType = text.plist.strings; name = en; path = en.lproj/InfoPlist.strings; sourceTree = "<group>"; };
		7AD80560144232F600BF6EE6 /* ISInstanceVariableDescriptor.h */ = {isa = PBXFileReference; fileEncoding = 4; lastKnownFileType = sourcecode.c.h; path = ISInstanceVariableDescriptor.h; sourceTree = "<group>"; };
		7AD80561144232F600BF6EE6 /* ISInstanceVariableDescriptor.m */ = {isa = PBXFileReference; fileEncoding = 4; lastKnownFileType = sourcecode.c.objc; path = ISInstanceVariableDescriptor.m; sourceTree = "<group>"; };
		7AD80564144232F600BF6EE6 /* ISMethodDescriptor.h */ = {isa = PBXFileReference; fileEncoding = 4; lastKnownFileType = sourcecode.c.h; path = ISMethodDescriptor.h; sourceTree = "<group>"; };
		7AD80565144232F600BF6EE6 /* ISMethodDescriptor.m */ = {isa = PBXFileReference; fileEncoding = 4; lastKnownFileType = sourcecode.c.objc; path = ISMethodDescriptor.m; sourceTree = "<group>"; };
		7AD80566144232F600BF6EE6 /* ISPropertyDescriptor.h */ = {isa = PBXFileReference; fileEncoding = 4; lastKnownFileType = sourcecode.c.h; path = ISPropertyDescriptor.h; sourceTree = "<group>"; };
		7AD80567144232F600BF6EE6 /* ISPropertyDescriptor.m */ = {isa = PBXFileReference; fileEncoding = 4; lastKnownFileType = sourcecode.c.objc; lineEnding = 0; path = ISPropertyDescriptor.m; sourceTree = "<group>"; xcLanguageSpecificationIdentifier = xcode.lang.objc; };
		7AD8056A144232F600BF6EE6 /* ISProtocolDescriptor.h */ = {isa = PBXFileReference; fileEncoding = 4; lastKnownFileType = sourcecode.c.h; path = ISProtocolDescriptor.h; sourceTree = "<group>"; };
		7AD8056B144232F600BF6EE6 /* ISProtocolDescriptor.m */ = {isa = PBXFileReference; fileEncoding = 4; lastKnownFileType = sourcecode.c.objc; path = ISProtocolDescriptor.m; sourceTree = "<group>"; };
		7AD8056E144232F600BF6EE6 /* ISClassDescriptor.h */ = {isa = PBXFileReference; fileEncoding = 4; lastKnownFileType = sourcecode.c.h; path = ISClassDescriptor.h; sourceTree = "<group>"; };
		7AD8056F144232F600BF6EE6 /* ISClassDescriptor.m */ = {isa = PBXFileReference; fileEncoding = 4; lastKnownFileType = sourcecode.c.objc; path = ISClassDescriptor.m; sourceTree = "<group>"; };
		7AD805931442346100BF6EE6 /* ClassDescriptorTests.h */ = {isa = PBXFileReference; fileEncoding = 4; lastKnownFileType = sourcecode.c.h; path = ClassDescriptorTests.h; sourceTree = "<group>"; };
		7AD805941442346100BF6EE6 /* ClassDescriptorTests.m */ = {isa = PBXFileReference; fileEncoding = 4; lastKnownFileType = sourcecode.c.objc; lineEnding = 0; path = ClassDescriptorTests.m; sourceTree = "<group>"; xcLanguageSpecificationIdentifier = xcode.lang.objc; };
		7AD8059B1442356000BF6EE6 /* libIntrospection.a */ = {isa = PBXFileReference; explicitFileType = archive.ar; includeInIndex = 0; path = libIntrospection.a; sourceTree = BUILT_PRODUCTS_DIR; };
		7AD8059C1442356000BF6EE6 /* Foundation.framework */ = {isa = PBXFileReference; lastKnownFileType = wrapper.framework; name = Foundation.framework; path = System/Library/Frameworks/Foundation.framework; sourceTree = SDKROOT; };
		7AD805A01442356000BF6EE6 /* Introspection-ios-Prefix.pch */ = {isa = PBXFileReference; lastKnownFileType = sourcecode.c.h; path = "Introspection-ios-Prefix.pch"; sourceTree = "<group>"; };
		7AD805A91442356000BF6EE6 /* Introspection-iosTests.octest */ = {isa = PBXFileReference; explicitFileType = wrapper.cfbundle; includeInIndex = 0; path = "Introspection-iosTests.octest"; sourceTree = BUILT_PRODUCTS_DIR; };
		7AD805B61442356000BF6EE6 /* Introspection-iosTests-Info.plist */ = {isa = PBXFileReference; lastKnownFileType = text.plist.xml; path = "Introspection-iosTests-Info.plist"; sourceTree = "<group>"; };
		7AD805B81442356000BF6EE6 /* en */ = {isa = PBXFileReference; lastKnownFileType = text.plist.strings; name = en; path = en.lproj/InfoPlist.strings; sourceTree = "<group>"; };
		7AD806471442398500BF6EE6 /* SenTestingKit.framework */ = {isa = PBXFileReference; lastKnownFileType = wrapper.framework; name = SenTestingKit.framework; path = Library/Frameworks/SenTestingKit.framework; sourceTree = DEVELOPER_DIR; };
		7AD8064C14423B8500BF6EE6 /* Introspection.h */ = {isa = PBXFileReference; fileEncoding = 4; lastKnownFileType = sourcecode.c.h; path = Introspection.h; sourceTree = "<group>"; };
		7AD8065C144426A100BF6EE6 /* ISDescriptor.h */ = {isa = PBXFileReference; fileEncoding = 4; lastKnownFileType = sourcecode.c.h; path = ISDescriptor.h; sourceTree = "<group>"; };
		7ADFEDE8144776BB009EE7CF /* ISBindingFlags.h */ = {isa = PBXFileReference; fileEncoding = 4; lastKnownFileType = sourcecode.c.h; path = ISBindingFlags.h; sourceTree = "<group>"; };
		7ADFEDEC14477AC9009EE7CF /* ISSetterSemanticsType.h */ = {isa = PBXFileReference; fileEncoding = 4; lastKnownFileType = sourcecode.c.h; path = ISSetterSemanticsType.h; sourceTree = "<group>"; };
/* End PBXFileReference section */

/* Begin PBXFrameworksBuildPhase section */
		7AD805251442323B00BF6EE6 /* Frameworks */ = {
			isa = PBXFrameworksBuildPhase;
			buildActionMask = 2147483647;
			files = (
				7AD8052D1442323B00BF6EE6 /* Cocoa.framework in Frameworks */,
			);
			runOnlyForDeploymentPostprocessing = 0;
		};
		7AD8053D1442323B00BF6EE6 /* Frameworks */ = {
			isa = PBXFrameworksBuildPhase;
			buildActionMask = 2147483647;
			files = (
				7AD806481442398500BF6EE6 /* SenTestingKit.framework in Frameworks */,
				7AD805441442323B00BF6EE6 /* Cocoa.framework in Frameworks */,
				7AD805471442323B00BF6EE6 /* Introspection.framework in Frameworks */,
			);
			runOnlyForDeploymentPostprocessing = 0;
		};
		7AD805981442356000BF6EE6 /* Frameworks */ = {
			isa = PBXFrameworksBuildPhase;
			buildActionMask = 2147483647;
			files = (
				7AD8059D1442356000BF6EE6 /* Foundation.framework in Frameworks */,
			);
			runOnlyForDeploymentPostprocessing = 0;
		};
		7AD805A51442356000BF6EE6 /* Frameworks */ = {
			isa = PBXFrameworksBuildPhase;
			buildActionMask = 2147483647;
			files = (
				7AD805AE1442356000BF6EE6 /* Foundation.framework in Frameworks */,
				7AD8064B14423A3C00BF6EE6 /* SenTestingKit.framework in Frameworks */,
				7AD805B31442356000BF6EE6 /* libIntrospection.a in Frameworks */,
			);
			runOnlyForDeploymentPostprocessing = 0;
		};
/* End PBXFrameworksBuildPhase section */

/* Begin PBXGroup section */
		7A1D84FA144C0D4F00A2079D /* Extensions */ = {
			isa = PBXGroup;
			children = (
				7A1D8514144CCB6500A2079D /* SenTestCase+CollectionAssert.h */,
				7A1D8515144CCB6500A2079D /* SenTestCase+CollectionAssert.m */,
			);
			name = Extensions;
			sourceTree = "<group>";
		};
		7A1D854D145462EE00A2079D /* Extensions */ = {
			isa = PBXGroup;
			children = (
				7A1D84FB144C12FF00A2079D /* NSArray+CollectionQuery.h */,
				7A1D84FC144C12FF00A2079D /* NSArray+CollectionQuery.m */,
				7A1D854E1454635200A2079D /* NSString+Extensions.h */,
				7A1D854F1454635200A2079D /* NSString+Extensions.m */,
			);
			name = Extensions;
			sourceTree = "<group>";
		};
		7A1D85571454743A00A2079D /* Exceptions */ = {
			isa = PBXGroup;
			children = (
				7A1D85581454749200A2079D /* ISInvalidStateException.h */,
				7A1D85591454749200A2079D /* ISInvalidStateException.m */,
			);
			name = Exceptions;
			sourceTree = "<group>";
		};
		7AD805181442319300BF6EE6 = {
			isa = PBXGroup;
			children = (
				7AD8055D144232F600BF6EE6 /* Classes */,
				7AD80587144233C000BF6EE6 /* Tests */,
				7AD805321442323B00BF6EE6 /* Introspection */,
				7AD805481442323B00BF6EE6 /* IntrospectionTests */,
				7AD8059E1442356000BF6EE6 /* Introspection-ios */,
				7AD805B41442356000BF6EE6 /* Introspection-iosTests */,
				7AD8052B1442323B00BF6EE6 /* Frameworks */,
				7AD8052A1442323B00BF6EE6 /* Products */,
			);
			sourceTree = "<group>";
		};
		7AD8052A1442323B00BF6EE6 /* Products */ = {
			isa = PBXGroup;
			children = (
				7AD805291442323B00BF6EE6 /* Introspection.framework */,
				7AD805411442323B00BF6EE6 /* IntrospectionTests.octest */,
				7AD8059B1442356000BF6EE6 /* libIntrospection.a */,
				7AD805A91442356000BF6EE6 /* Introspection-iosTests.octest */,
			);
			name = Products;
			sourceTree = "<group>";
		};
		7AD8052B1442323B00BF6EE6 /* Frameworks */ = {
			isa = PBXGroup;
			children = (
				7AD806471442398500BF6EE6 /* SenTestingKit.framework */,
				7AD8052C1442323B00BF6EE6 /* Cocoa.framework */,
				7AD8059C1442356000BF6EE6 /* Foundation.framework */,
			);
			name = Frameworks;
			sourceTree = "<group>";
		};
		7AD805321442323B00BF6EE6 /* Introspection */ = {
			isa = PBXGroup;
			children = (
				7AD805331442323B00BF6EE6 /* Supporting Files */,
			);
			path = Introspection;
			sourceTree = "<group>";
		};
		7AD805331442323B00BF6EE6 /* Supporting Files */ = {
			isa = PBXGroup;
			children = (
				7AD805341442323B00BF6EE6 /* Introspection-Info.plist */,
				7AD805351442323B00BF6EE6 /* InfoPlist.strings */,
				7AD805381442323B00BF6EE6 /* Introspection-Prefix.pch */,
			);
			name = "Supporting Files";
			sourceTree = "<group>";
		};
		7AD805481442323B00BF6EE6 /* IntrospectionTests */ = {
			isa = PBXGroup;
			children = (
				7AD805491442323B00BF6EE6 /* Supporting Files */,
			);
			path = IntrospectionTests;
			sourceTree = "<group>";
		};
		7AD805491442323B00BF6EE6 /* Supporting Files */ = {
			isa = PBXGroup;
			children = (
				7AD8054A1442323B00BF6EE6 /* IntrospectionTests-Info.plist */,
				7AD8054B1442323B00BF6EE6 /* InfoPlist.strings */,
			);
			name = "Supporting Files";
			sourceTree = "<group>";
		};
		7AD8055D144232F600BF6EE6 /* Classes */ = {
			isa = PBXGroup;
			children = (
				7A1D85571454743A00A2079D /* Exceptions */,
				7A1D854D145462EE00A2079D /* Extensions */,
				7AD80560144232F600BF6EE6 /* ISInstanceVariableDescriptor.h */,
				7AD80561144232F600BF6EE6 /* ISInstanceVariableDescriptor.m */,
				7AD80564144232F600BF6EE6 /* ISMethodDescriptor.h */,
				7AD80565144232F600BF6EE6 /* ISMethodDescriptor.m */,
				7AD80566144232F600BF6EE6 /* ISPropertyDescriptor.h */,
				7AD80567144232F600BF6EE6 /* ISPropertyDescriptor.m */,
				7AD8056A144232F600BF6EE6 /* ISProtocolDescriptor.h */,
				7AD8056B144232F600BF6EE6 /* ISProtocolDescriptor.m */,
				7AD8056E144232F600BF6EE6 /* ISClassDescriptor.h */,
				7AD8056F144232F600BF6EE6 /* ISClassDescriptor.m */,
				7AD8065C144426A100BF6EE6 /* ISDescriptor.h */,
				7AD8064C14423B8500BF6EE6 /* Introspection.h */,
				7ADFEDE8144776BB009EE7CF /* ISBindingFlags.h */,
				7ADFEDEC14477AC9009EE7CF /* ISSetterSemanticsType.h */,
			);
			path = Classes;
			sourceTree = "<group>";
		};
		7AD80587144233C000BF6EE6 /* Tests */ = {
			isa = PBXGroup;
			children = (
				7A1D84FA144C0D4F00A2079D /* Extensions */,
				7ADFEDEF144821D7009EE7CF /* TestClasses */,
				7AD805931442346100BF6EE6 /* ClassDescriptorTests.h */,
				7AD805941442346100BF6EE6 /* ClassDescriptorTests.m */,
				7A1D853D144F789800A2079D /* InstanceVariableDescriptorTests.h */,
				7A1D853E144F789800A2079D /* InstanceVariableDescriptorTests.m */,
				7A1D8545145201A200A2079D /* PropertyDescriptorTests.h */,
				7A1D8546145201A200A2079D /* PropertyDescriptorTests.m */,
				7A1D856214547F7000A2079D /* MethodDescriptorTests.h */,
				7A1D856314547F7000A2079D /* MethodDescriptorTests.m */,
			);
			path = Tests;
			sourceTree = "<group>";
		};
		7AD8059E1442356000BF6EE6 /* Introspection-ios */ = {
			isa = PBXGroup;
			children = (
				7AD8059F1442356000BF6EE6 /* Supporting Files */,
			);
			path = "Introspection-ios";
			sourceTree = "<group>";
		};
		7AD8059F1442356000BF6EE6 /* Supporting Files */ = {
			isa = PBXGroup;
			children = (
				7AD805A01442356000BF6EE6 /* Introspection-ios-Prefix.pch */,
			);
			name = "Supporting Files";
			sourceTree = "<group>";
		};
		7AD805B41442356000BF6EE6 /* Introspection-iosTests */ = {
			isa = PBXGroup;
			children = (
				7AD805B51442356000BF6EE6 /* Supporting Files */,
			);
			path = "Introspection-iosTests";
			sourceTree = "<group>";
		};
		7AD805B51442356000BF6EE6 /* Supporting Files */ = {
			isa = PBXGroup;
			children = (
				7AD805B61442356000BF6EE6 /* Introspection-iosTests-Info.plist */,
				7AD805B71442356000BF6EE6 /* InfoPlist.strings */,
			);
			name = "Supporting Files";
			sourceTree = "<group>";
		};
		7ADFEDEF144821D7009EE7CF /* TestClasses */ = {
			isa = PBXGroup;
			children = (
				7A1D85491454278F00A2079D /* PropertyImplementation.h */,
				7A1D854A1454278F00A2079D /* PropertyImplementation.m */,
				7AD59E5914554BED00917711 /* ClassWithProperties.h */,
				7AD59E5A14554BED00917711 /* ClassWithProperties.m */,
				7AD59E5E14554C2400917711 /* ClassWithInstanceVariables.h */,
				7AD59E5F14554C2400917711 /* ClassWithInstanceVariables.m */,
			);
			name = TestClasses;
			sourceTree = "<group>";
		};
/* End PBXGroup section */

/* Begin PBXHeadersBuildPhase section */
		7AD805261442323B00BF6EE6 /* Headers */ = {
			isa = PBXHeadersBuildPhase;
			buildActionMask = 2147483647;
			files = (
				7A1D855A1454749200A2079D /* ISInvalidStateException.h in Headers */,
				7AD8065D144426A100BF6EE6 /* ISDescriptor.h in Headers */,
				7ADFEDE9144776BB009EE7CF /* ISBindingFlags.h in Headers */,
				7ADFEDED14477AC9009EE7CF /* ISSetterSemanticsType.h in Headers */,
				7AD80572144232F600BF6EE6 /* ISInstanceVariableDescriptor.h in Headers */,
				7AD80576144232F600BF6EE6 /* ISMethodDescriptor.h in Headers */,
				7AD80578144232F600BF6EE6 /* ISPropertyDescriptor.h in Headers */,
				7AD8057C144232F600BF6EE6 /* ISProtocolDescriptor.h in Headers */,
				7AD80580144232F600BF6EE6 /* ISClassDescriptor.h in Headers */,
				7AD8064D14423B8500BF6EE6 /* Introspection.h in Headers */,
				7A1D85501454635200A2079D /* NSString+Extensions.h in Headers */,
				7A1D84FD144C12FF00A2079D /* NSArray+CollectionQuery.h in Headers */,
				7A1D8516144CCB6500A2079D /* SenTestCase+CollectionAssert.h in Headers */,
			);
			runOnlyForDeploymentPostprocessing = 0;
		};
		7AD805991442356000BF6EE6 /* Headers */ = {
			isa = PBXHeadersBuildPhase;
			buildActionMask = 2147483647;
			files = (
				7A1D855B1454749200A2079D /* ISInvalidStateException.h in Headers */,
				7AD8065E144426A100BF6EE6 /* ISDescriptor.h in Headers */,
				7ADFEDEA144776BB009EE7CF /* ISBindingFlags.h in Headers */,
				7ADFEDEE14477AC9009EE7CF /* ISSetterSemanticsType.h in Headers */,
				7AD8064E14423B8500BF6EE6 /* Introspection.h in Headers */,
				7AD8065714423E4F00BF6EE6 /* ISInstanceVariableDescriptor.h in Headers */,
				7AD8065814423E4F00BF6EE6 /* ISMethodDescriptor.h in Headers */,
				7AD8065914423E4F00BF6EE6 /* ISPropertyDescriptor.h in Headers */,
				7AD8065A14423E4F00BF6EE6 /* ISProtocolDescriptor.h in Headers */,
				7AD8065B14423E4F00BF6EE6 /* ISClassDescriptor.h in Headers */,
				7A1D85511454635200A2079D /* NSString+Extensions.h in Headers */,
				7A1D84FE144C12FF00A2079D /* NSArray+CollectionQuery.h in Headers */,
				7A1D8517144CCB6500A2079D /* SenTestCase+CollectionAssert.h in Headers */,
			);
			runOnlyForDeploymentPostprocessing = 0;
		};
/* End PBXHeadersBuildPhase section */

/* Begin PBXNativeTarget section */
		7AD805281442323B00BF6EE6 /* Introspection */ = {
			isa = PBXNativeTarget;
			buildConfigurationList = 7AD805561442323B00BF6EE6 /* Build configuration list for PBXNativeTarget "Introspection" */;
			buildPhases = (
				7AD805241442323B00BF6EE6 /* Sources */,
				7AD805251442323B00BF6EE6 /* Frameworks */,
				7AD805261442323B00BF6EE6 /* Headers */,
				7AD805271442323B00BF6EE6 /* Resources */,
			);
			buildRules = (
			);
			dependencies = (
			);
			name = Introspection;
			productName = Introspection;
			productReference = 7AD805291442323B00BF6EE6 /* Introspection.framework */;
			productType = "com.apple.product-type.framework";
		};
		7AD805401442323B00BF6EE6 /* IntrospectionTests */ = {
			isa = PBXNativeTarget;
			buildConfigurationList = 7AD805571442323B00BF6EE6 /* Build configuration list for PBXNativeTarget "IntrospectionTests" */;
			buildPhases = (
				7AD8053C1442323B00BF6EE6 /* Sources */,
				7AD8053D1442323B00BF6EE6 /* Frameworks */,
				7AD8053E1442323B00BF6EE6 /* Resources */,
				7AD8053F1442323B00BF6EE6 /* ShellScript */,
			);
			buildRules = (
			);
			dependencies = (
				7AD805461442323B00BF6EE6 /* PBXTargetDependency */,
			);
			name = IntrospectionTests;
			productName = IntrospectionTests;
			productReference = 7AD805411442323B00BF6EE6 /* IntrospectionTests.octest */;
			productType = "com.apple.product-type.bundle";
		};
		7AD8059A1442356000BF6EE6 /* Introspection-ios */ = {
			isa = PBXNativeTarget;
			buildConfigurationList = 7AD805BE1442356000BF6EE6 /* Build configuration list for PBXNativeTarget "Introspection-ios" */;
			buildPhases = (
				7AD805971442356000BF6EE6 /* Sources */,
				7AD805981442356000BF6EE6 /* Frameworks */,
				7AD805991442356000BF6EE6 /* Headers */,
			);
			buildRules = (
			);
			dependencies = (
			);
			name = "Introspection-ios";
			productName = "Introspection-ios";
			productReference = 7AD8059B1442356000BF6EE6 /* libIntrospection.a */;
			productType = "com.apple.product-type.library.static";
		};
		7AD805A81442356000BF6EE6 /* Introspection-iosTests */ = {
			isa = PBXNativeTarget;
			buildConfigurationList = 7AD805C11442356000BF6EE6 /* Build configuration list for PBXNativeTarget "Introspection-iosTests" */;
			buildPhases = (
				7AD805A41442356000BF6EE6 /* Sources */,
				7AD805A51442356000BF6EE6 /* Frameworks */,
				7AD805A61442356000BF6EE6 /* Resources */,
				7AD805A71442356000BF6EE6 /* ShellScript */,
			);
			buildRules = (
			);
			dependencies = (
				7AD805B21442356000BF6EE6 /* PBXTargetDependency */,
			);
			name = "Introspection-iosTests";
			productName = "Introspection-iosTests";
			productReference = 7AD805A91442356000BF6EE6 /* Introspection-iosTests.octest */;
			productType = "com.apple.product-type.bundle";
		};
/* End PBXNativeTarget section */

/* Begin PBXProject section */
		7AD8051A1442319300BF6EE6 /* Project object */ = {
			isa = PBXProject;
			attributes = {
				LastUpgradeCheck = 0420;
			};
			buildConfigurationList = 7AD8051D1442319300BF6EE6 /* Build configuration list for PBXProject "Introspection" */;
			compatibilityVersion = "Xcode 3.2";
			developmentRegion = English;
			hasScannedForEncodings = 0;
			knownRegions = (
				en,
			);
			mainGroup = 7AD805181442319300BF6EE6;
			productRefGroup = 7AD8052A1442323B00BF6EE6 /* Products */;
			projectDirPath = "";
			projectRoot = "";
			targets = (
				7AD805281442323B00BF6EE6 /* Introspection */,
				7AD805401442323B00BF6EE6 /* IntrospectionTests */,
				7AD8059A1442356000BF6EE6 /* Introspection-ios */,
				7AD805A81442356000BF6EE6 /* Introspection-iosTests */,
			);
		};
/* End PBXProject section */

/* Begin PBXResourcesBuildPhase section */
		7AD805271442323B00BF6EE6 /* Resources */ = {
			isa = PBXResourcesBuildPhase;
			buildActionMask = 2147483647;
			files = (
				7AD805371442323B00BF6EE6 /* InfoPlist.strings in Resources */,
			);
			runOnlyForDeploymentPostprocessing = 0;
		};
		7AD8053E1442323B00BF6EE6 /* Resources */ = {
			isa = PBXResourcesBuildPhase;
			buildActionMask = 2147483647;
			files = (
				7AD8054D1442323B00BF6EE6 /* InfoPlist.strings in Resources */,
			);
			runOnlyForDeploymentPostprocessing = 0;
		};
		7AD805A61442356000BF6EE6 /* Resources */ = {
			isa = PBXResourcesBuildPhase;
			buildActionMask = 2147483647;
			files = (
				7AD805B91442356000BF6EE6 /* InfoPlist.strings in Resources */,
			);
			runOnlyForDeploymentPostprocessing = 0;
		};
/* End PBXResourcesBuildPhase section */

/* Begin PBXShellScriptBuildPhase section */
		7AD8053F1442323B00BF6EE6 /* ShellScript */ = {
			isa = PBXShellScriptBuildPhase;
			buildActionMask = 2147483647;
			files = (
			);
			inputPaths = (
			);
			outputPaths = (
			);
			runOnlyForDeploymentPostprocessing = 0;
			shellPath = /bin/sh;
			shellScript = "# Run the unit tests in this test bundle.\n\"${SYSTEM_DEVELOPER_DIR}/Tools/RunUnitTests\"\n";
		};
		7AD805A71442356000BF6EE6 /* ShellScript */ = {
			isa = PBXShellScriptBuildPhase;
			buildActionMask = 2147483647;
			files = (
			);
			inputPaths = (
			);
			outputPaths = (
			);
			runOnlyForDeploymentPostprocessing = 0;
			shellPath = /bin/sh;
			shellScript = "# Run the unit tests in this test bundle.\n\"${SYSTEM_DEVELOPER_DIR}/Tools/RunUnitTests\"\n";
		};
/* End PBXShellScriptBuildPhase section */

/* Begin PBXSourcesBuildPhase section */
		7AD805241442323B00BF6EE6 /* Sources */ = {
			isa = PBXSourcesBuildPhase;
			buildActionMask = 2147483647;
			files = (
				7A1D85561454639E00A2079D /* NSArray+CollectionQuery.m in Sources */,
				7AD80573144232F600BF6EE6 /* ISInstanceVariableDescriptor.m in Sources */,
				7AD80577144232F600BF6EE6 /* ISMethodDescriptor.m in Sources */,
				7AD80579144232F600BF6EE6 /* ISPropertyDescriptor.m in Sources */,
				7AD8057D144232F600BF6EE6 /* ISProtocolDescriptor.m in Sources */,
				7AD80581144232F600BF6EE6 /* ISClassDescriptor.m in Sources */,
				7A1D85521454635200A2079D /* NSString+Extensions.m in Sources */,
				7A1D855C1454749200A2079D /* ISInvalidStateException.m in Sources */,
			);
			runOnlyForDeploymentPostprocessing = 0;
		};
		7AD8053C1442323B00BF6EE6 /* Sources */ = {
			isa = PBXSourcesBuildPhase;
			buildActionMask = 2147483647;
			files = (
				7A1D851F144CCC9100A2079D /* SenTestCase+CollectionAssert.m in Sources */,
				7AD805951442346100BF6EE6 /* ClassDescriptorTests.m in Sources */,
				7A1D853F144F789800A2079D /* InstanceVariableDescriptorTests.m in Sources */,
				7A1D8547145201A200A2079D /* PropertyDescriptorTests.m in Sources */,
				7A1D854B1454278F00A2079D /* PropertyImplementation.m in Sources */,
				7A1D856414547F7100A2079D /* MethodDescriptorTests.m in Sources */,
				7AD59E5B14554BED00917711 /* ClassWithProperties.m in Sources */,
				7AD59E6014554C2400917711 /* ClassWithInstanceVariables.m in Sources */,
			);
			runOnlyForDeploymentPostprocessing = 0;
		};
		7AD805971442356000BF6EE6 /* Sources */ = {
			isa = PBXSourcesBuildPhase;
			buildActionMask = 2147483647;
			files = (
				7A1D85551454639800A2079D /* NSArray+CollectionQuery.m in Sources */,
				7AD805F31442362C00BF6EE6 /* ISInstanceVariableDescriptor.m in Sources */,
				7AD805F51442362C00BF6EE6 /* ISMethodDescriptor.m in Sources */,
				7AD805F71442362C00BF6EE6 /* ISPropertyDescriptor.m in Sources */,
				7AD805F91442362C00BF6EE6 /* ISProtocolDescriptor.m in Sources */,
				7AD805FB1442362C00BF6EE6 /* ISClassDescriptor.m in Sources */,
				7A1D85531454635200A2079D /* NSString+Extensions.m in Sources */,
				7A1D855D1454749200A2079D /* ISInvalidStateException.m in Sources */,
			);
			runOnlyForDeploymentPostprocessing = 0;
		};
		7AD805A41442356000BF6EE6 /* Sources */ = {
			isa = PBXSourcesBuildPhase;
			buildActionMask = 2147483647;
			files = (
				7A1D856114547F1400A2079D /* NSString+Extensions.m in Sources */,
				7A1D855E14547DB300A2079D /* NSArray+CollectionQuery.m in Sources */,
				7A1D85541454638B00A2079D /* SenTestCase+CollectionAssert.m in Sources */,
				7AD805E71442360100BF6EE6 /* ClassDescriptorTests.m in Sources */,
				7A1D8540144F789800A2079D /* InstanceVariableDescriptorTests.m in Sources */,
				7A1D8548145201A200A2079D /* PropertyDescriptorTests.m in Sources */,
				7A1D854C1454278F00A2079D /* PropertyImplementation.m in Sources */,
				7A1D856514547F7100A2079D /* MethodDescriptorTests.m in Sources */,
				7AD59E5C14554BED00917711 /* ClassWithProperties.m in Sources */,
				7AD59E6114554C2400917711 /* ClassWithInstanceVariables.m in Sources */,
			);
			runOnlyForDeploymentPostprocessing = 0;
		};
/* End PBXSourcesBuildPhase section */

/* Begin PBXTargetDependency section */
		7AD805461442323B00BF6EE6 /* PBXTargetDependency */ = {
			isa = PBXTargetDependency;
			target = 7AD805281442323B00BF6EE6 /* Introspection */;
			targetProxy = 7AD805451442323B00BF6EE6 /* PBXContainerItemProxy */;
		};
		7AD805B21442356000BF6EE6 /* PBXTargetDependency */ = {
			isa = PBXTargetDependency;
			target = 7AD8059A1442356000BF6EE6 /* Introspection-ios */;
			targetProxy = 7AD805B11442356000BF6EE6 /* PBXContainerItemProxy */;
		};
/* End PBXTargetDependency section */

/* Begin PBXVariantGroup section */
		7AD805351442323B00BF6EE6 /* InfoPlist.strings */ = {
			isa = PBXVariantGroup;
			children = (
				7AD805361442323B00BF6EE6 /* en */,
			);
			name = InfoPlist.strings;
			sourceTree = "<group>";
		};
		7AD8054B1442323B00BF6EE6 /* InfoPlist.strings */ = {
			isa = PBXVariantGroup;
			children = (
				7AD8054C1442323B00BF6EE6 /* en */,
			);
			name = InfoPlist.strings;
			sourceTree = "<group>";
		};
		7AD805B71442356000BF6EE6 /* InfoPlist.strings */ = {
			isa = PBXVariantGroup;
			children = (
				7AD805B81442356000BF6EE6 /* en */,
			);
			name = InfoPlist.strings;
			sourceTree = "<group>";
		};
/* End PBXVariantGroup section */

/* Begin XCBuildConfiguration section */
		7AD8051F1442319300BF6EE6 /* Debug */ = {
			isa = XCBuildConfiguration;
			buildSettings = {
			};
			name = Debug;
		};
		7AD805201442319300BF6EE6 /* Release */ = {
			isa = XCBuildConfiguration;
			buildSettings = {
			};
			name = Release;
		};
		7AD805521442323B00BF6EE6 /* Debug */ = {
			isa = XCBuildConfiguration;
			buildSettings = {
				ALWAYS_SEARCH_USER_PATHS = NO;
				ARCHS = "$(ARCHS_STANDARD_64_BIT)";
				CLANG_ENABLE_OBJC_ARC = YES;
				COPY_PHASE_STRIP = NO;
				DYLIB_COMPATIBILITY_VERSION = 1;
				DYLIB_CURRENT_VERSION = 1;
				FRAMEWORK_VERSION = A;
				GCC_C_LANGUAGE_STANDARD = gnu99;
				GCC_DYNAMIC_NO_PIC = NO;
				GCC_ENABLE_OBJC_EXCEPTIONS = YES;
				GCC_OPTIMIZATION_LEVEL = 0;
				GCC_PRECOMPILE_PREFIX_HEADER = YES;
				GCC_PREFIX_HEADER = "Introspection/Introspection-Prefix.pch";
				GCC_PREPROCESSOR_DEFINITIONS = (
					"DEBUG=1",
					"$(inherited)",
				);
				GCC_SYMBOLS_PRIVATE_EXTERN = NO;
				GCC_VERSION = com.apple.compilers.llvm.clang.1_0;
				GCC_WARN_64_TO_32_BIT_CONVERSION = YES;
				GCC_WARN_ABOUT_MISSING_PROTOTYPES = YES;
				GCC_WARN_ABOUT_RETURN_TYPE = YES;
				GCC_WARN_UNUSED_VARIABLE = YES;
				INFOPLIST_FILE = "Introspection/Introspection-Info.plist";
				MACOSX_DEPLOYMENT_TARGET = 10.7;
				ONLY_ACTIVE_ARCH = YES;
				PRODUCT_NAME = "$(PROJECT_NAME)";
				SDKROOT = macosx;
				WRAPPER_EXTENSION = framework;
			};
			name = Debug;
		};
		7AD805531442323B00BF6EE6 /* Release */ = {
			isa = XCBuildConfiguration;
			buildSettings = {
				ALWAYS_SEARCH_USER_PATHS = NO;
				ARCHS = "$(ARCHS_STANDARD_64_BIT)";
				CLANG_ENABLE_OBJC_ARC = YES;
				COPY_PHASE_STRIP = YES;
				DEBUG_INFORMATION_FORMAT = "dwarf-with-dsym";
				DYLIB_COMPATIBILITY_VERSION = 1;
				DYLIB_CURRENT_VERSION = 1;
				FRAMEWORK_VERSION = A;
				GCC_C_LANGUAGE_STANDARD = gnu99;
				GCC_ENABLE_OBJC_EXCEPTIONS = YES;
				GCC_PRECOMPILE_PREFIX_HEADER = YES;
				GCC_PREFIX_HEADER = "Introspection/Introspection-Prefix.pch";
				GCC_VERSION = com.apple.compilers.llvm.clang.1_0;
				GCC_WARN_64_TO_32_BIT_CONVERSION = YES;
				GCC_WARN_ABOUT_MISSING_PROTOTYPES = YES;
				GCC_WARN_ABOUT_RETURN_TYPE = YES;
				GCC_WARN_UNUSED_VARIABLE = YES;
				INFOPLIST_FILE = "Introspection/Introspection-Info.plist";
				MACOSX_DEPLOYMENT_TARGET = 10.7;
				PRODUCT_NAME = "$(PROJECT_NAME)";
				SDKROOT = macosx;
				WRAPPER_EXTENSION = framework;
			};
			name = Release;
		};
		7AD805541442323B00BF6EE6 /* Debug */ = {
			isa = XCBuildConfiguration;
			buildSettings = {
				ALWAYS_SEARCH_USER_PATHS = NO;
				ARCHS = "$(ARCHS_STANDARD_64_BIT)";
				CLANG_ENABLE_OBJC_ARC = YES;
				COPY_PHASE_STRIP = NO;
				FRAMEWORK_SEARCH_PATHS = "$(DEVELOPER_LIBRARY_DIR)/Frameworks";
				GCC_C_LANGUAGE_STANDARD = gnu99;
				GCC_DYNAMIC_NO_PIC = NO;
				GCC_ENABLE_OBJC_EXCEPTIONS = YES;
				GCC_OPTIMIZATION_LEVEL = 0;
				GCC_PRECOMPILE_PREFIX_HEADER = YES;
				GCC_PREFIX_HEADER = "Introspection/Introspection-Prefix.pch";
				GCC_PREPROCESSOR_DEFINITIONS = (
					"DEBUG=1",
					"$(inherited)",
				);
				GCC_SYMBOLS_PRIVATE_EXTERN = NO;
				GCC_VERSION = com.apple.compilers.llvm.clang.1_0;
				GCC_WARN_64_TO_32_BIT_CONVERSION = YES;
				GCC_WARN_ABOUT_MISSING_PROTOTYPES = YES;
				GCC_WARN_ABOUT_RETURN_TYPE = YES;
				GCC_WARN_UNUSED_VARIABLE = YES;
				INFOPLIST_FILE = "IntrospectionTests/IntrospectionTests-Info.plist";
				MACOSX_DEPLOYMENT_TARGET = 10.7;
				ONLY_ACTIVE_ARCH = YES;
				PRODUCT_NAME = "$(TARGET_NAME)";
				SDKROOT = macosx;
				WRAPPER_EXTENSION = octest;
			};
			name = Debug;
		};
		7AD805551442323B00BF6EE6 /* Release */ = {
			isa = XCBuildConfiguration;
			buildSettings = {
				ALWAYS_SEARCH_USER_PATHS = NO;
				ARCHS = "$(ARCHS_STANDARD_64_BIT)";
				CLANG_ENABLE_OBJC_ARC = YES;
				COPY_PHASE_STRIP = YES;
				DEBUG_INFORMATION_FORMAT = "dwarf-with-dsym";
				FRAMEWORK_SEARCH_PATHS = "$(DEVELOPER_LIBRARY_DIR)/Frameworks";
				GCC_C_LANGUAGE_STANDARD = gnu99;
				GCC_ENABLE_OBJC_EXCEPTIONS = YES;
				GCC_PRECOMPILE_PREFIX_HEADER = YES;
				GCC_PREFIX_HEADER = "Introspection/Introspection-Prefix.pch";
				GCC_VERSION = com.apple.compilers.llvm.clang.1_0;
				GCC_WARN_64_TO_32_BIT_CONVERSION = YES;
				GCC_WARN_ABOUT_MISSING_PROTOTYPES = YES;
				GCC_WARN_ABOUT_RETURN_TYPE = YES;
				GCC_WARN_UNUSED_VARIABLE = YES;
				INFOPLIST_FILE = "IntrospectionTests/IntrospectionTests-Info.plist";
				MACOSX_DEPLOYMENT_TARGET = 10.7;
				PRODUCT_NAME = "$(TARGET_NAME)";
				SDKROOT = macosx;
				WRAPPER_EXTENSION = octest;
			};
			name = Release;
		};
		7AD805BF1442356000BF6EE6 /* Debug */ = {
			isa = XCBuildConfiguration;
			buildSettings = {
				ALWAYS_SEARCH_USER_PATHS = NO;
				ARCHS = "$(ARCHS_STANDARD_32_BIT)";
				CLANG_ENABLE_OBJC_ARC = YES;
				COPY_PHASE_STRIP = NO;
				DSTROOT = /tmp/Introspection_ios.dst;
				FRAMEWORK_SEARCH_PATHS = (
					"$(inherited)",
					"\"$(DEVELOPER_FRAMEWORKS_DIR)\"",
				);
				GCC_C_LANGUAGE_STANDARD = gnu99;
				GCC_DYNAMIC_NO_PIC = NO;
				GCC_OPTIMIZATION_LEVEL = 0;
				GCC_PRECOMPILE_PREFIX_HEADER = YES;
				GCC_PREFIX_HEADER = "Introspection-ios/Introspection-ios-Prefix.pch";
				GCC_PREPROCESSOR_DEFINITIONS = (
					"DEBUG=1",
					"$(inherited)",
				);
				GCC_SYMBOLS_PRIVATE_EXTERN = NO;
				GCC_VERSION = com.apple.compilers.llvm.clang.1_0;
				GCC_WARN_ABOUT_MISSING_PROTOTYPES = YES;
				GCC_WARN_ABOUT_RETURN_TYPE = YES;
				GCC_WARN_UNUSED_VARIABLE = YES;
				IPHONEOS_DEPLOYMENT_TARGET = 5.0;
				OTHER_LDFLAGS = "-ObjC";
				PRODUCT_NAME = "$(PROJECT_NAME)";
				SDKROOT = iphoneos;
				SKIP_INSTALL = YES;
			};
			name = Debug;
		};
		7AD805C01442356000BF6EE6 /* Release */ = {
			isa = XCBuildConfiguration;
			buildSettings = {
				ALWAYS_SEARCH_USER_PATHS = NO;
				ARCHS = "$(ARCHS_STANDARD_32_BIT)";
				CLANG_ENABLE_OBJC_ARC = YES;
				COPY_PHASE_STRIP = YES;
				DSTROOT = /tmp/Introspection_ios.dst;
				FRAMEWORK_SEARCH_PATHS = (
					"$(inherited)",
					"\"$(DEVELOPER_FRAMEWORKS_DIR)\"",
				);
				GCC_C_LANGUAGE_STANDARD = gnu99;
				GCC_PRECOMPILE_PREFIX_HEADER = YES;
				GCC_PREFIX_HEADER = "Introspection-ios/Introspection-ios-Prefix.pch";
				GCC_VERSION = com.apple.compilers.llvm.clang.1_0;
				GCC_WARN_ABOUT_MISSING_PROTOTYPES = YES;
				GCC_WARN_ABOUT_RETURN_TYPE = YES;
				GCC_WARN_UNUSED_VARIABLE = YES;
				IPHONEOS_DEPLOYMENT_TARGET = 5.0;
				OTHER_LDFLAGS = "-ObjC";
				PRODUCT_NAME = "$(PROJECT_NAME)";
				SDKROOT = iphoneos;
				SKIP_INSTALL = YES;
				VALIDATE_PRODUCT = YES;
			};
			name = Release;
		};
		7AD805C21442356000BF6EE6 /* Debug */ = {
			isa = XCBuildConfiguration;
			buildSettings = {
				ALWAYS_SEARCH_USER_PATHS = NO;
				ARCHS = "$(ARCHS_STANDARD_32_BIT)";
				CLANG_ENABLE_OBJC_ARC = YES;
				COPY_PHASE_STRIP = NO;
				FRAMEWORK_SEARCH_PATHS = (
					"$(SDKROOT)/Developer/Library/Frameworks",
					"$(DEVELOPER_LIBRARY_DIR)/Frameworks",
				);
				GCC_C_LANGUAGE_STANDARD = gnu99;
				GCC_DYNAMIC_NO_PIC = NO;
				GCC_OPTIMIZATION_LEVEL = 0;
				GCC_PRECOMPILE_PREFIX_HEADER = YES;
				GCC_PREFIX_HEADER = "Introspection-ios/Introspection-ios-Prefix.pch";
				GCC_PREPROCESSOR_DEFINITIONS = (
					"DEBUG=1",
					"$(inherited)",
				);
				GCC_SYMBOLS_PRIVATE_EXTERN = NO;
				GCC_VERSION = com.apple.compilers.llvm.clang.1_0;
				GCC_WARN_ABOUT_MISSING_PROTOTYPES = YES;
				GCC_WARN_ABOUT_RETURN_TYPE = YES;
				GCC_WARN_UNUSED_VARIABLE = YES;
				INFOPLIST_FILE = "Introspection-iosTests/Introspection-iosTests-Info.plist";
				IPHONEOS_DEPLOYMENT_TARGET = 5.0;
				PRODUCT_NAME = "$(TARGET_NAME)";
				SDKROOT = iphoneos;
				WRAPPER_EXTENSION = octest;
			};
			name = Debug;
		};
		7AD805C31442356000BF6EE6 /* Release */ = {
			isa = XCBuildConfiguration;
			buildSettings = {
				ALWAYS_SEARCH_USER_PATHS = NO;
				ARCHS = "$(ARCHS_STANDARD_32_BIT)";
				CLANG_ENABLE_OBJC_ARC = YES;
				COPY_PHASE_STRIP = YES;
				FRAMEWORK_SEARCH_PATHS = (
					"$(SDKROOT)/Developer/Library/Frameworks",
					"$(DEVELOPER_LIBRARY_DIR)/Frameworks",
				);
				GCC_C_LANGUAGE_STANDARD = gnu99;
				GCC_PRECOMPILE_PREFIX_HEADER = YES;
				GCC_PREFIX_HEADER = "Introspection-ios/Introspection-ios-Prefix.pch";
				GCC_VERSION = com.apple.compilers.llvm.clang.1_0;
				GCC_WARN_ABOUT_MISSING_PROTOTYPES = YES;
				GCC_WARN_ABOUT_RETURN_TYPE = YES;
				GCC_WARN_UNUSED_VARIABLE = YES;
				INFOPLIST_FILE = "Introspection-iosTests/Introspection-iosTests-Info.plist";
				IPHONEOS_DEPLOYMENT_TARGET = 5.0;
				PRODUCT_NAME = "$(TARGET_NAME)";
				SDKROOT = iphoneos;
				VALIDATE_PRODUCT = YES;
				WRAPPER_EXTENSION = octest;
			};
			name = Release;
		};
/* End XCBuildConfiguration section */

/* Begin XCConfigurationList section */
		7AD8051D1442319300BF6EE6 /* Build configuration list for PBXProject "Introspection" */ = {
			isa = XCConfigurationList;
			buildConfigurations = (
				7AD8051F1442319300BF6EE6 /* Debug */,
				7AD805201442319300BF6EE6 /* Release */,
			);
			defaultConfigurationIsVisible = 0;
			defaultConfigurationName = Release;
		};
		7AD805561442323B00BF6EE6 /* Build configuration list for PBXNativeTarget "Introspection" */ = {
			isa = XCConfigurationList;
			buildConfigurations = (
				7AD805521442323B00BF6EE6 /* Debug */,
				7AD805531442323B00BF6EE6 /* Release */,
			);
			defaultConfigurationIsVisible = 0;
			defaultConfigurationName = Release;
		};
		7AD805571442323B00BF6EE6 /* Build configuration list for PBXNativeTarget "IntrospectionTests" */ = {
			isa = XCConfigurationList;
			buildConfigurations = (
				7AD805541442323B00BF6EE6 /* Debug */,
				7AD805551442323B00BF6EE6 /* Release */,
			);
			defaultConfigurationIsVisible = 0;
			defaultConfigurationName = Release;
		};
		7AD805BE1442356000BF6EE6 /* Build configuration list for PBXNativeTarget "Introspection-ios" */ = {
			isa = XCConfigurationList;
			buildConfigurations = (
				7AD805BF1442356000BF6EE6 /* Debug */,
				7AD805C01442356000BF6EE6 /* Release */,
			);
			defaultConfigurationIsVisible = 0;
			defaultConfigurationName = Release;
		};
		7AD805C11442356000BF6EE6 /* Build configuration list for PBXNativeTarget "Introspection-iosTests" */ = {
			isa = XCConfigurationList;
			buildConfigurations = (
				7AD805C21442356000BF6EE6 /* Debug */,
				7AD805C31442356000BF6EE6 /* Release */,
			);
			defaultConfigurationIsVisible = 0;
			defaultConfigurationName = Release;
		};
/* End XCConfigurationList section */
	};
	rootObject = 7AD8051A1442319300BF6EE6 /* Project object */;
}
